
Microsoft Visual Studio Solution File, Format Version 12.00
# Visual Studio Version 16
VisualStudioVersion = 16.0.29123.88
MinimumVisualStudioVersion = 10.0.40219.1
Project("{FAE04EC0-301F-11D3-BF4B-00C04F79EFBC}") = "StatChecker", "WpfApp1\StatChecker.csproj", "{D2059007-7A12-453B-AE4C-6FD4022FFD83}"
EndProject
Global
	GlobalSection(SolutionConfigurationPlatforms) = preSolution
		Debug|Any CPU = Debug|Any CPU
		Release|Any CPU = Release|Any CPU
	EndGlobalSection
	GlobalSection(ProjectConfigurationPlatforms) = postSolution
		{D2059007-7A12-453B-AE4C-6FD4022FFD83}.Debug|Any CPU.ActiveCfg = Debug|Any CPU
		{D2059007-7A12-453B-AE4C-6FD4022FFD83}.Debug|Any CPU.Build.0 = Debug|Any CPU
		{D2059007-7A12-453B-AE4C-6FD4022FFD83}.Release|Any CPU.ActiveCfg = Release|Any CPU
		{D2059007-7A12-453B-AE4C-6FD4022FFD83}.Release|Any CPU.Build.0 = Release|Any CPU
	EndGlobalSection
	GlobalSection(SolutionProperties) = preSolution
		HideSolutionNode = FALSE
	EndGlobalSection
	GlobalSection(ExtensibilityGlobals) = postSolution
		SolutionGuid = {8DDAF6B3-640C-4040-B98C-35D7E876DC38}
	EndGlobalSection
EndGlobal
